
Microsoft Visual Studio Solution File, Format Version 12.00
# Visual Studio Version 16
VisualStudioVersion = 16.0.30503.244
MinimumVisualStudioVersion = 10.0.40219.1
Project("{FAE04EC0-301F-11D3-BF4B-00C04F79EFBC}") = "MethodExamples", "MethodExamples\MethodExamples.csproj", "{67D2DF72-0B42-44DE-B8A1-43DBA21A2A81}"
EndProject
Global
	GlobalSection(SolutionConfigurationPlatforms) = preSolution
		Debug|Any CPU = Debug|Any CPU
		Release|Any CPU = Release|Any CPU
	EndGlobalSection
	GlobalSection(ProjectConfigurationPlatforms) = postSolution
		{67D2DF72-0B42-44DE-B8A1-43DBA21A2A81}.Debug|Any CPU.ActiveCfg = Debug|Any CPU
		{67D2DF72-0B42-44DE-B8A1-43DBA21A2A81}.Debug|Any CPU.Build.0 = Debug|Any CPU
		{67D2DF72-0B42-44DE-B8A1-43DBA21A2A81}.Release|Any CPU.ActiveCfg = Release|Any CPU
		{67D2DF72-0B42-44DE-B8A1-43DBA21A2A81}.Release|Any CPU.Build.0 = Release|Any CPU
	EndGlobalSection
	GlobalSection(SolutionProperties) = preSolution
		HideSolutionNode = FALSE
	EndGlobalSection
	GlobalSection(ExtensibilityGlobals) = postSolution
		SolutionGuid = {9DD20E3B-4907-45E0-94B6-4251519C073E}
	EndGlobalSection
EndGlobal
